
Microsoft Visual Studio Solution File, Format Version 12.00
# Visual Studio Version 17
VisualStudioVersion = 17.5.002.0
MinimumVisualStudioVersion = 10.0.40219.1
Project("{9A19103F-16F7-4668-BE54-9A1E7A4F7556}") = "MethodsNet", "MethodsNet.csproj", "{73CB4DE9-7AE6-457C-95B3-D1692D6EC569}"
EndProject
Global
	GlobalSection(SolutionConfigurationPlatforms) = preSolution
		Debug|Any CPU = Debug|Any CPU
		Release|Any CPU = Release|Any CPU
	EndGlobalSection
	GlobalSection(ProjectConfigurationPlatforms) = postSolution
		{73CB4DE9-7AE6-457C-95B3-D1692D6EC569}.Debug|Any CPU.ActiveCfg = Debug|Any CPU
		{73CB4DE9-7AE6-457C-95B3-D1692D6EC569}.Debug|Any CPU.Build.0 = Debug|Any CPU
		{73CB4DE9-7AE6-457C-95B3-D1692D6EC569}.Release|Any CPU.ActiveCfg = Release|Any CPU
		{73CB4DE9-7AE6-457C-95B3-D1692D6EC569}.Release|Any CPU.Build.0 = Release|Any CPU
	EndGlobalSection
	GlobalSection(SolutionProperties) = preSolution
		HideSolutionNode = FALSE
	EndGlobalSection
	GlobalSection(ExtensibilityGlobals) = postSolution
		SolutionGuid = {C30BFDD4-94E8-4A0B-A12F-B1394F1D2040}
	EndGlobalSection
EndGlobal
