
Microsoft Visual Studio Solution File, Format Version 12.00
# Visual Studio Version 17
VisualStudioVersion = 17.5.002.0
MinimumVisualStudioVersion = 10.0.40219.1
Project("{9A19103F-16F7-4668-BE54-9A1E7A4F7556}") = "TestProject", "CreateRunNet\TestProject.csproj", "{49929554-E8EF-413C-90FF-9CC021E3AD00}"
EndProject
Project("{9A19103F-16F7-4668-BE54-9A1E7A4F7556}") = "LogicNet", "LogicNet\LogicNet.csproj", "{E1CFC8F5-2334-4497-A2FC-D43E1B12D5F1}"
EndProject
Global
	GlobalSection(SolutionConfigurationPlatforms) = preSolution
		Debug|Any CPU = Debug|Any CPU
		Release|Any CPU = Release|Any CPU
	EndGlobalSection
	GlobalSection(ProjectConfigurationPlatforms) = postSolution
		{49929554-E8EF-413C-90FF-9CC021E3AD00}.Debug|Any CPU.ActiveCfg = Debug|Any CPU
		{49929554-E8EF-413C-90FF-9CC021E3AD00}.Debug|Any CPU.Build.0 = Debug|Any CPU
		{49929554-E8EF-413C-90FF-9CC021E3AD00}.Release|Any CPU.ActiveCfg = Release|Any CPU
		{49929554-E8EF-413C-90FF-9CC021E3AD00}.Release|Any CPU.Build.0 = Release|Any CPU
		{E1CFC8F5-2334-4497-A2FC-D43E1B12D5F1}.Debug|Any CPU.ActiveCfg = Debug|Any CPU
		{E1CFC8F5-2334-4497-A2FC-D43E1B12D5F1}.Debug|Any CPU.Build.0 = Debug|Any CPU
		{E1CFC8F5-2334-4497-A2FC-D43E1B12D5F1}.Release|Any CPU.ActiveCfg = Release|Any CPU
		{E1CFC8F5-2334-4497-A2FC-D43E1B12D5F1}.Release|Any CPU.Build.0 = Release|Any CPU
	EndGlobalSection
	GlobalSection(SolutionProperties) = preSolution
		HideSolutionNode = FALSE
	EndGlobalSection
	GlobalSection(ExtensibilityGlobals) = postSolution
		SolutionGuid = {66278D44-1371-4288-B383-03FCD7DDACBA}
	EndGlobalSection
EndGlobal
