
Microsoft Visual Studio Solution File, Format Version 12.00
# Visual Studio Version 17
VisualStudioVersion = 17.5.002.0
MinimumVisualStudioVersion = 10.0.40219.1
Project("{9A19103F-16F7-4668-BE54-9A1E7A4F7556}") = "DebugNet", "DebugNet.csproj", "{E4DCB5E8-8AC7-498D-B500-5197A3B055EB}"
EndProject
Global
	GlobalSection(SolutionConfigurationPlatforms) = preSolution
		Debug|Any CPU = Debug|Any CPU
		Release|Any CPU = Release|Any CPU
	EndGlobalSection
	GlobalSection(ProjectConfigurationPlatforms) = postSolution
		{E4DCB5E8-8AC7-498D-B500-5197A3B055EB}.Debug|Any CPU.ActiveCfg = Debug|Any CPU
		{E4DCB5E8-8AC7-498D-B500-5197A3B055EB}.Debug|Any CPU.Build.0 = Debug|Any CPU
		{E4DCB5E8-8AC7-498D-B500-5197A3B055EB}.Release|Any CPU.ActiveCfg = Release|Any CPU
		{E4DCB5E8-8AC7-498D-B500-5197A3B055EB}.Release|Any CPU.Build.0 = Release|Any CPU
	EndGlobalSection
	GlobalSection(SolutionProperties) = preSolution
		HideSolutionNode = FALSE
	EndGlobalSection
	GlobalSection(ExtensibilityGlobals) = postSolution
		SolutionGuid = {E80CE76B-5FE2-4311-82C7-102872E446E2}
	EndGlobalSection
EndGlobal
